// !$*UTF8*$!
{
	archiveVersion = 1;
	classes = {
	};
	objectVersion = 55;
	objects = {

/* Begin PBXBuildFile section */
		B60F467527C9BB0A0098DF5A /* AppDelegate.swift in Sources */ = {isa = PBXBuildFile; fileRef = B60F467427C9BB0A0098DF5A /* AppDelegate.swift */; };
		B60F467727C9BB0A0098DF5A /* SceneDelegate.swift in Sources */ = {isa = PBXBuildFile; fileRef = B60F467627C9BB0A0098DF5A /* SceneDelegate.swift */; };
		B60F467927C9BB0A0098DF5A /* ViewController.swift in Sources */ = {isa = PBXBuildFile; fileRef = B60F467827C9BB0A0098DF5A /* ViewController.swift */; };
		B60F467C27C9BB0A0098DF5A /* Main.storyboard in Resources */ = {isa = PBXBuildFile; fileRef = B60F467A27C9BB0A0098DF5A /* Main.storyboard */; };
		B60F467E27C9BB0B0098DF5A /* Assets.xcassets in Resources */ = {isa = PBXBuildFile; fileRef = B60F467D27C9BB0B0098DF5A /* Assets.xcassets */; };
		B60F468127C9BB0B0098DF5A /* LaunchScreen.storyboard in Resources */ = {isa = PBXBuildFile; fileRef = B60F467F27C9BB0B0098DF5A /* LaunchScreen.storyboard */; };
		B60F468C27C9BB0C0098DF5A /* FlixTests.swift in Sources */ = {isa = PBXBuildFile; fileRef = B60F468B27C9BB0C0098DF5A /* FlixTests.swift */; };
		B60F469627C9BB0C0098DF5A /* FlixUITests.swift in Sources */ = {isa = PBXBuildFile; fileRef = B60F469527C9BB0C0098DF5A /* FlixUITests.swift */; };
		B60F469827C9BB0C0098DF5A /* FlixUITestsLaunchTests.swift in Sources */ = {isa = PBXBuildFile; fileRef = B60F469727C9BB0C0098DF5A /* FlixUITestsLaunchTests.swift */; };
		B60F46A727C9C4B60098DF5A /* MoviewViewController.swift in Sources */ = {isa = PBXBuildFile; fileRef = B60F46A627C9C4B60098DF5A /* MoviewViewController.swift */; };
		B60F46A927C9D4BB0098DF5A /* MovieCell.swift in Sources */ = {isa = PBXBuildFile; fileRef = B60F46A827C9D4BB0098DF5A /* MovieCell.swift */; };
/* End PBXBuildFile section */

/* Begin PBXContainerItemProxy section */
		B60F468827C9BB0C0098DF5A /* PBXContainerItemProxy */ = {
			isa = PBXContainerItemProxy;
			containerPortal = B60F466927C9BB0A0098DF5A /* Project object */;
			proxyType = 1;
			remoteGlobalIDString = B60F467027C9BB0A0098DF5A;
			remoteInfo = Flix;
		};
		B60F469227C9BB0C0098DF5A /* PBXContainerItemProxy */ = {
			isa = PBXContainerItemProxy;
			containerPortal = B60F466927C9BB0A0098DF5A /* Project object */;
			proxyType = 1;
			remoteGlobalIDString = B60F467027C9BB0A0098DF5A;
			remoteInfo = Flix;
		};
/* End PBXContainerItemProxy section */

/* Begin PBXFileReference section */
		B60F467127C9BB0A0098DF5A /* Flix.app */ = {isa = PBXFileReference; explicitFileType = wrapper.application; includeInIndex = 0; path = Flix.app; sourceTree = BUILT_PRODUCTS_DIR; };
		B60F467427C9BB0A0098DF5A /* AppDelegate.swift */ = {isa = PBXFileReference; lastKnownFileType = sourcecode.swift; path = AppDelegate.swift; sourceTree = "<group>"; };
		B60F467627C9BB0A0098DF5A /* SceneDelegate.swift */ = {isa = PBXFileReference; lastKnownFileType = sourcecode.swift; path = SceneDelegate.swift; sourceTree = "<group>"; };
		B60F467827C9BB0A0098DF5A /* ViewController.swift */ = {isa = PBXFileReference; lastKnownFileType = sourcecode.swift; path = ViewController.swift; sourceTree = "<group>"; };
		B60F467B27C9BB0A0098DF5A /* Base */ = {isa = PBXFileReference; lastKnownFileType = file.storyboard; name = Base; path = Base.lproj/Main.storyboard; sourceTree = "<group>"; };
		B60F467D27C9BB0B0098DF5A /* Assets.xcassets */ = {isa = PBXFileReference; lastKnownFileType = folder.assetcatalog; path = Assets.xcassets; sourceTree = "<group>"; };
		B60F468027C9BB0B0098DF5A /* Base */ = {isa = PBXFileReference; lastKnownFileType = file.storyboard; name = Base; path = Base.lproj/LaunchScreen.storyboard; sourceTree = "<group>"; };
		B60F468227C9BB0B0098DF5A /* Info.plist */ = {isa = PBXFileReference; lastKnownFileType = text.plist.xml; path = Info.plist; sourceTree = "<group>"; };
		B60F468727C9BB0C0098DF5A /* FlixTests.xctest */ = {isa = PBXFileReference; explicitFileType = wrapper.cfbundle; includeInIndex = 0; path = FlixTests.xctest; sourceTree = BUILT_PRODUCTS_DIR; };
		B60F468B27C9BB0C0098DF5A /* FlixTests.swift */ = {isa = PBXFileReference; lastKnownFileType = sourcecode.swift; path = FlixTests.swift; sourceTree = "<group>"; };
		B60F469127C9BB0C0098DF5A /* FlixUITests.xctest */ = {isa = PBXFileReference; explicitFileType = wrapper.cfbundle; includeInIndex = 0; path = FlixUITests.xctest; sourceTree = BUILT_PRODUCTS_DIR; };
		B60F469527C9BB0C0098DF5A /* FlixUITests.swift */ = {isa = PBXFileReference; lastKnownFileType = sourcecode.swift; path = FlixUITests.swift; sourceTree = "<group>"; };
		B60F469727C9BB0C0098DF5A /* FlixUITestsLaunchTests.swift */ = {isa = PBXFileReference; lastKnownFileType = sourcecode.swift; path = FlixUITestsLaunchTests.swift; sourceTree = "<group>"; };
		B60F46A627C9C4B60098DF5A /* MoviewViewController.swift */ = {isa = PBXFileReference; lastKnownFileType = sourcecode.swift; path = MoviewViewController.swift; sourceTree = "<group>"; };
		B60F46A827C9D4BB0098DF5A /* MovieCell.swift */ = {isa = PBXFileReference; lastKnownFileType = sourcecode.swift; path = MovieCell.swift; sourceTree = "<group>"; };
/* End PBXFileReference section */

/* Begin PBXFrameworksBuildPhase section */
		B60F466E27C9BB0A0098DF5A /* Frameworks */ = {
			isa = PBXFrameworksBuildPhase;
			buildActionMask = 2147483647;
			files = (
			);
			runOnlyForDeploymentPostprocessing = 0;
		};
		B60F468427C9BB0C0098DF5A /* Frameworks */ = {
			isa = PBXFrameworksBuildPhase;
			buildActionMask = 2147483647;
			files = (
			);
			runOnlyForDeploymentPostprocessing = 0;
		};
		B60F468E27C9BB0C0098DF5A /* Frameworks */ = {
			isa = PBXFrameworksBuildPhase;
			buildActionMask = 2147483647;
			files = (
			);
			runOnlyForDeploymentPostprocessing = 0;
		};
/* End PBXFrameworksBuildPhase section */

/* Begin PBXGroup section */
		B60F466827C9BB0A0098DF5A = {
			isa = PBXGroup;
			children = (
				B60F467327C9BB0A0098DF5A /* Flix */,
				B60F468A27C9BB0C0098DF5A /* FlixTests */,
				B60F469427C9BB0C0098DF5A /* FlixUITests */,
				B60F467227C9BB0A0098DF5A /* Products */,
			);
			sourceTree = "<group>";
		};
		B60F467227C9BB0A0098DF5A /* Products */ = {
			isa = PBXGroup;
			children = (
				B60F467127C9BB0A0098DF5A /* Flix.app */,
				B60F468727C9BB0C0098DF5A /* FlixTests.xctest */,
				B60F469127C9BB0C0098DF5A /* FlixUITests.xctest */,
			);
			name = Products;
			sourceTree = "<group>";
		};
		B60F467327C9BB0A0098DF5A /* Flix */ = {
			isa = PBXGroup;
			children = (
				B60F467427C9BB0A0098DF5A /* AppDelegate.swift */,
				B60F467627C9BB0A0098DF5A /* SceneDelegate.swift */,
				B60F467827C9BB0A0098DF5A /* ViewController.swift */,
				B60F467A27C9BB0A0098DF5A /* Main.storyboard */,
				B60F467D27C9BB0B0098DF5A /* Assets.xcassets */,
				B60F467F27C9BB0B0098DF5A /* LaunchScreen.storyboard */,
				B60F468227C9BB0B0098DF5A /* Info.plist */,
				B60F46A627C9C4B60098DF5A /* MoviewViewController.swift */,
				B60F46A827C9D4BB0098DF5A /* MovieCell.swift */,
			);
			path = Flix;
			sourceTree = "<group>";
		};
		B60F468A27C9BB0C0098DF5A /* FlixTests */ = {
			isa = PBXGroup;
			children = (
				B60F468B27C9BB0C0098DF5A /* FlixTests.swift */,
			);
			path = FlixTests;
			sourceTree = "<group>";
		};
		B60F469427C9BB0C0098DF5A /* FlixUITests */ = {
			isa = PBXGroup;
			children = (
				B60F469527C9BB0C0098DF5A /* FlixUITests.swift */,
				B60F469727C9BB0C0098DF5A /* FlixUITestsLaunchTests.swift */,
			);
			path = FlixUITests;
			sourceTree = "<group>";
		};
/* End PBXGroup section */

/* Begin PBXNativeTarget section */
		B60F467027C9BB0A0098DF5A /* Flix */ = {
			isa = PBXNativeTarget;
			buildConfigurationList = B60F469B27C9BB0C0098DF5A /* Build configuration list for PBXNativeTarget "Flix" */;
			buildPhases = (
				B60F466D27C9BB0A0098DF5A /* Sources */,
				B60F466E27C9BB0A0098DF5A /* Frameworks */,
				B60F466F27C9BB0A0098DF5A /* Resources */,
			);
			buildRules = (
			);
			dependencies = (
			);
			name = Flix;
			productName = Flix;
			productReference = B60F467127C9BB0A0098DF5A /* Flix.app */;
			productType = "com.apple.product-type.application";
		};
		B60F468627C9BB0C0098DF5A /* FlixTests */ = {
			isa = PBXNativeTarget;
			buildConfigurationList = B60F469E27C9BB0C0098DF5A /* Build configuration list for PBXNativeTarget "FlixTests" */;
			buildPhases = (
				B60F468327C9BB0C0098DF5A /* Sources */,
				B60F468427C9BB0C0098DF5A /* Frameworks */,
				B60F468527C9BB0C0098DF5A /* Resources */,
			);
			buildRules = (
			);
			dependencies = (
				B60F468927C9BB0C0098DF5A /* PBXTargetDependency */,
			);
			name = FlixTests;
			productName = FlixTests;
			productReference = B60F468727C9BB0C0098DF5A /* FlixTests.xctest */;
			productType = "com.apple.product-type.bundle.unit-test";
		};
		B60F469027C9BB0C0098DF5A /* FlixUITests */ = {
			isa = PBXNativeTarget;
			buildConfigurationList = B60F46A127C9BB0C0098DF5A /* Build configuration list for PBXNativeTarget "FlixUITests" */;
			buildPhases = (
				B60F468D27C9BB0C0098DF5A /* Sources */,
				B60F468E27C9BB0C0098DF5A /* Frameworks */,
				B60F468F27C9BB0C0098DF5A /* Resources */,
			);
			buildRules = (
			);
			dependencies = (
				B60F469327C9BB0C0098DF5A /* PBXTargetDependency */,
			);
			name = FlixUITests;
			productName = FlixUITests;
			productReference = B60F469127C9BB0C0098DF5A /* FlixUITests.xctest */;
			productType = "com.apple.product-type.bundle.ui-testing";
		};
/* End PBXNativeTarget section */

/* Begin PBXProject section */
		B60F466927C9BB0A0098DF5A /* Project object */ = {
			isa = PBXProject;
			attributes = {
				BuildIndependentTargetsInParallel = 1;
				LastSwiftUpdateCheck = 1320;
				LastUpgradeCheck = 1320;
				TargetAttributes = {
					B60F467027C9BB0A0098DF5A = {
						CreatedOnToolsVersion = 13.2.1;
					};
					B60F468627C9BB0C0098DF5A = {
						CreatedOnToolsVersion = 13.2.1;
						TestTargetID = B60F467027C9BB0A0098DF5A;
					};
					B60F469027C9BB0C0098DF5A = {
						CreatedOnToolsVersion = 13.2.1;
						TestTargetID = B60F467027C9BB0A0098DF5A;
					};
				};
			};
			buildConfigurationList = B60F466C27C9BB0A0098DF5A /* Build configuration list for PBXProject "Flix" */;
			compatibilityVersion = "Xcode 13.0";
			developmentRegion = en;
			hasScannedForEncodings = 0;
			knownRegions = (
				en,
				Base,
			);
			mainGroup = B60F466827C9BB0A0098DF5A;
			productRefGroup = B60F467227C9BB0A0098DF5A /* Products */;
			projectDirPath = "";
			projectRoot = "";
			targets = (
				B60F467027C9BB0A0098DF5A /* Flix */,
				B60F468627C9BB0C0098DF5A /* FlixTests */,
				B60F469027C9BB0C0098DF5A /* FlixUITests */,
			);
		};
/* End PBXProject section */

/* Begin PBXResourcesBuildPhase section */
		B60F466F27C9BB0A0098DF5A /* Resources */ = {
			isa = PBXResourcesBuildPhase;
			buildActionMask = 2147483647;
			files = (
				B60F468127C9BB0B0098DF5A /* LaunchScreen.storyboard in Resources */,
				B60F467E27C9BB0B0098DF5A /* Assets.xcassets in Resources */,
				B60F467C27C9BB0A0098DF5A /* Main.storyboard in Resources */,
			);
			runOnlyForDeploymentPostprocessing = 0;
		};
		B60F468527C9BB0C0098DF5A /* Resources */ = {
			isa = PBXResourcesBuildPhase;
			buildActionMask = 2147483647;
			files = (
			);
			runOnlyForDeploymentPostprocessing = 0;
		};
		B60F468F27C9BB0C0098DF5A /* Resources */ = {
			isa = PBXResourcesBuildPhase;
			buildActionMask = 2147483647;
			files = (
			);
			runOnlyForDeploymentPostprocessing = 0;
		};
/* End PBXResourcesBuildPhase section */

/* Begin PBXSourcesBuildPhase section */
		B60F466D27C9BB0A0098DF5A /* Sources */ = {
			isa = PBXSourcesBuildPhase;
			buildActionMask = 2147483647;
			files = (
				B60F467927C9BB0A0098DF5A /* ViewController.swift in Sources */,
				B60F467527C9BB0A0098DF5A /* AppDelegate.swift in Sources */,
				B60F467727C9BB0A0098DF5A /* SceneDelegate.swift in Sources */,
				B60F46A927C9D4BB0098DF5A /* MovieCell.swift in Sources */,
				B60F46A727C9C4B60098DF5A /* MoviewViewController.swift in Sources */,
			);
			runOnlyForDeploymentPostprocessing = 0;
		};
		B60F468327C9BB0C0098DF5A /* Sources */ = {
			isa = PBXSourcesBuildPhase;
			buildActionMask = 2147483647;
			files = (
				B60F468C27C9BB0C0098DF5A /* FlixTests.swift in Sources */,
			);
			runOnlyForDeploymentPostprocessing = 0;
		};
		B60F468D27C9BB0C0098DF5A /* Sources */ = {
			isa = PBXSourcesBuildPhase;
			buildActionMask = 2147483647;
			files = (
				B60F469627C9BB0C0098DF5A /* FlixUITests.swift in Sources */,
				B60F469827C9BB0C0098DF5A /* FlixUITestsLaunchTests.swift in Sources */,
			);
			runOnlyForDeploymentPostprocessing = 0;
		};
/* End PBXSourcesBuildPhase section */

/* Begin PBXTargetDependency section */
		B60F468927C9BB0C0098DF5A /* PBXTargetDependency */ = {
			isa = PBXTargetDependency;
			target = B60F467027C9BB0A0098DF5A /* Flix */;
			targetProxy = B60F468827C9BB0C0098DF5A /* PBXContainerItemProxy */;
		};
		B60F469327C9BB0C0098DF5A /* PBXTargetDependency */ = {
			isa = PBXTargetDependency;
			target = B60F467027C9BB0A0098DF5A /* Flix */;
			targetProxy = B60F469227C9BB0C0098DF5A /* PBXContainerItemProxy */;
		};
/* End PBXTargetDependency section */

/* Begin PBXVariantGroup section */
		B60F467A27C9BB0A0098DF5A /* Main.storyboard */ = {
			isa = PBXVariantGroup;
			children = (
				B60F467B27C9BB0A0098DF5A /* Base */,
			);
			name = Main.storyboard;
			sourceTree = "<group>";
		};
		B60F467F27C9BB0B0098DF5A /* LaunchScreen.storyboard */ = {
			isa = PBXVariantGroup;
			children = (
				B60F468027C9BB0B0098DF5A /* Base */,
			);
			name = LaunchScreen.storyboard;
			sourceTree = "<group>";
		};
/* End PBXVariantGroup section */

/* Begin XCBuildConfiguration section */
		B60F469927C9BB0C0098DF5A /* Debug */ = {
			isa = XCBuildConfiguration;
			buildSettings = {
				ALWAYS_SEARCH_USER_PATHS = NO;
				CLANG_ANALYZER_NONNULL = YES;
				CLANG_ANALYZER_NUMBER_OBJECT_CONVERSION = YES_AGGRESSIVE;
				CLANG_CXX_LANGUAGE_STANDARD = "gnu++17";
				CLANG_CXX_LIBRARY = "libc++";
				CLANG_ENABLE_MODULES = YES;
				CLANG_ENABLE_OBJC_ARC = YES;
				CLANG_ENABLE_OBJC_WEAK = YES;
				CLANG_WARN_BLOCK_CAPTURE_AUTORELEASING = YES;
				CLANG_WARN_BOOL_CONVERSION = YES;
				CLANG_WARN_COMMA = YES;
				CLANG_WARN_CONSTANT_CONVERSION = YES;
				CLANG_WARN_DEPRECATED_OBJC_IMPLEMENTATIONS = YES;
				CLANG_WARN_DIRECT_OBJC_ISA_USAGE = YES_ERROR;
				CLANG_WARN_DOCUMENTATION_COMMENTS = YES;
				CLANG_WARN_EMPTY_BODY = YES;
				CLANG_WARN_ENUM_CONVERSION = YES;
				CLANG_WARN_INFINITE_RECURSION = YES;
				CLANG_WARN_INT_CONVERSION = YES;
				CLANG_WARN_NON_LITERAL_NULL_CONVERSION = YES;
				CLANG_WARN_OBJC_IMPLICIT_RETAIN_SELF = YES;
				CLANG_WARN_OBJC_LITERAL_CONVERSION = YES;
				CLANG_WARN_OBJC_ROOT_CLASS = YES_ERROR;
				CLANG_WARN_QUOTED_INCLUDE_IN_FRAMEWORK_HEADER = YES;
				CLANG_WARN_RANGE_LOOP_ANALYSIS = YES;
				CLANG_WARN_STRICT_PROTOTYPES = YES;
				CLANG_WARN_SUSPICIOUS_MOVE = YES;
				CLANG_WARN_UNGUARDED_AVAILABILITY = YES_AGGRESSIVE;
				CLANG_WARN_UNREACHABLE_CODE = YES;
				CLANG_WARN__DUPLICATE_METHOD_MATCH = YES;
				COPY_PHASE_STRIP = NO;
				DEBUG_INFORMATION_FORMAT = dwarf;
				ENABLE_STRICT_OBJC_MSGSEND = YES;
				ENABLE_TESTABILITY = YES;
				GCC_C_LANGUAGE_STANDARD = gnu11;
				GCC_DYNAMIC_NO_PIC = NO;
				GCC_NO_COMMON_BLOCKS = YES;
				GCC_OPTIMIZATION_LEVEL = 0;
				GCC_PREPROCESSOR_DEFINITIONS = (
					"DEBUG=1",
					"$(inherited)",
				);
				GCC_WARN_64_TO_32_BIT_CONVERSION = YES;
				GCC_WARN_ABOUT_RETURN_TYPE = YES_ERROR;
				GCC_WARN_UNDECLARED_SELECTOR = YES;
				GCC_WARN_UNINITIALIZED_AUTOS = YES_AGGRESSIVE;
				GCC_WARN_UNUSED_FUNCTION = YES;
				GCC_WARN_UNUSED_VARIABLE = YES;
				IPHONEOS_DEPLOYMENT_TARGET = 15.2;
				MTL_ENABLE_DEBUG_INFO = INCLUDE_SOURCE;
				MTL_FAST_MATH = YES;
				ONLY_ACTIVE_ARCH = YES;
				SDKROOT = iphoneos;
				SWIFT_ACTIVE_COMPILATION_CONDITIONS = DEBUG;
				SWIFT_OPTIMIZATION_LEVEL = "-Onone";
			};
			name = Debug;
		};
		B60F469A27C9BB0C0098DF5A /* Release */ = {
			isa = XCBuildConfiguration;
			buildSettings = {
				ALWAYS_SEARCH_USER_PATHS = NO;
				CLANG_ANALYZER_NONNULL = YES;
				CLANG_ANALYZER_NUMBER_OBJECT_CONVERSION = YES_AGGRESSIVE;
				CLANG_CXX_LANGUAGE_STANDARD = "gnu++17";
				CLANG_CXX_LIBRARY = "libc++";
				CLANG_ENABLE_MODULES = YES;
				CLANG_ENABLE_OBJC_ARC = YES;
				CLANG_ENABLE_OBJC_WEAK = YES;
				CLANG_WARN_BLOCK_CAPTURE_AUTORELEASING = YES;
				CLANG_WARN_BOOL_CONVERSION = YES;
				CLANG_WARN_COMMA = YES;
				CLANG_WARN_CONSTANT_CONVERSION = YES;
				CLANG_WARN_DEPRECATED_OBJC_IMPLEMENTATIONS = YES;
				CLANG_WARN_DIRECT_OBJC_ISA_USAGE = YES_ERROR;
				CLANG_WARN_DOCUMENTATION_COMMENTS = YES;
				CLANG_WARN_EMPTY_BODY = YES;
				CLANG_WARN_ENUM_CONVERSION = YES;
				CLANG_WARN_INFINITE_RECURSION = YES;
				CLANG_WARN_INT_CONVERSION = YES;
				CLANG_WARN_NON_LITERAL_NULL_CONVERSION = YES;
				CLANG_WARN_OBJC_IMPLICIT_RETAIN_SELF = YES;
				CLANG_WARN_OBJC_LITERAL_CONVERSION = YES;
				CLANG_WARN_OBJC_ROOT_CLASS = YES_ERROR;
				CLANG_WARN_QUOTED_INCLUDE_IN_FRAMEWORK_HEADER = YES;
				CLANG_WARN_RANGE_LOOP_ANALYSIS = YES;
				CLANG_WARN_STRICT_PROTOTYPES = YES;
				CLANG_WARN_SUSPICIOUS_MOVE = YES;
				CLANG_WARN_UNGUARDED_AVAILABILITY = YES_AGGRESSIVE;
				CLANG_WARN_UNREACHABLE_CODE = YES;
				CLANG_WARN__DUPLICATE_METHOD_MATCH = YES;
				COPY_PHASE_STRIP = NO;
				DEBUG_INFORMATION_FORMAT = "dwarf-with-dsym";
				ENABLE_NS_ASSERTIONS = NO;
				ENABLE_STRICT_OBJC_MSGSEND = YES;
				GCC_C_LANGUAGE_STANDARD = gnu11;
				GCC_NO_COMMON_BLOCKS = YES;
				GCC_WARN_64_TO_32_BIT_CONVERSION = YES;
				GCC_WARN_ABOUT_RETURN_TYPE = YES_ERROR;
				GCC_WARN_UNDECLARED_SELECTOR = YES;
				GCC_WARN_UNINITIALIZED_AUTOS = YES_AGGRESSIVE;
				GCC_WARN_UNUSED_FUNCTION = YES;
				GCC_WARN_UNUSED_VARIABLE = YES;
				IPHONEOS_DEPLOYMENT_TARGET = 15.2;
				MTL_ENABLE_DEBUG_INFO = NO;
				MTL_FAST_MATH = YES;
				SDKROOT = iphoneos;
				SWIFT_COMPILATION_MODE = wholemodule;
				SWIFT_OPTIMIZATION_LEVEL = "-O";
				VALIDATE_PRODUCT = YES;
			};
			name = Release;
		};
		B60F469C27C9BB0C0098DF5A /* Debug */ = {
			isa = XCBuildConfiguration;
			buildSettings = {
				ASSETCATALOG_COMPILER_APPICON_NAME = AppIcon;
				ASSETCATALOG_COMPILER_GLOBAL_ACCENT_COLOR_NAME = AccentColor;
				CODE_SIGN_STYLE = Automatic;
				CURRENT_PROJECT_VERSION = 1;
				DEVELOPMENT_TEAM = WSVJNLVR5H;
				GENERATE_INFOPLIST_FILE = YES;
				INFOPLIST_FILE = Flix/Info.plist;
				INFOPLIST_KEY_UIApplicationSupportsIndirectInputEvents = YES;
				INFOPLIST_KEY_UILaunchStoryboardName = LaunchScreen;
				INFOPLIST_KEY_UIMainStoryboardFile = Main;
				INFOPLIST_KEY_UISupportedInterfaceOrientations_iPad = "UIInterfaceOrientationPortrait UIInterfaceOrientationPortraitUpsideDown UIInterfaceOrientationLandscapeLeft UIInterfaceOrientationLandscapeRight";
				INFOPLIST_KEY_UISupportedInterfaceOrientations_iPhone = "UIInterfaceOrientationPortrait UIInterfaceOrientationLandscapeLeft UIInterfaceOrientationLandscapeRight";
				LD_RUNPATH_SEARCH_PATHS = (
					"$(inherited)",
					"@executable_path/Frameworks",
				);
				MARKETING_VERSION = 1.0;
				PRODUCT_BUNDLE_IDENTIFIER = com.veronicatsarkova.Flix;
				PRODUCT_NAME = "$(TARGET_NAME)";
				SWIFT_EMIT_LOC_STRINGS = YES;
				SWIFT_VERSION = 5.0;
				TARGETED_DEVICE_FAMILY = "1,2";
			};
			name = Debug;
		};
		B60F469D27C9BB0C0098DF5A /* Release */ = {
			isa = XCBuildConfiguration;
			buildSettings = {
				ASSETCATALOG_COMPILER_APPICON_NAME = AppIcon;
				ASSETCATALOG_COMPILER_GLOBAL_ACCENT_COLOR_NAME = AccentColor;
				CODE_SIGN_STYLE = Automatic;
				CURRENT_PROJECT_VERSION = 1;
				DEVELOPMENT_TEAM = WSVJNLVR5H;
				GENERATE_INFOPLIST_FILE = YES;
				INFOPLIST_FILE = Flix/Info.plist;
				INFOPLIST_KEY_UIApplicationSupportsIndirectInputEvents = YES;
				INFOPLIST_KEY_UILaunchStoryboardName = LaunchScreen;
				INFOPLIST_KEY_UIMainStoryboardFile = Main;
				INFOPLIST_KEY_UISupportedInterfaceOrientations_iPad = "UIInterfaceOrientationPortrait UIInterfaceOrientationPortraitUpsideDown UIInterfaceOrientationLandscapeLeft UIInterfaceOrientationLandscapeRight";
				INFOPLIST_KEY_UISupportedInterfaceOrientations_iPhone = "UIInterfaceOrientationPortrait UIInterfaceOrientationLandscapeLeft UIInterfaceOrientationLandscapeRight";
				LD_RUNPATH_SEARCH_PATHS = (
					"$(inherited)",
					"@executable_path/Frameworks",
				);
				MARKETING_VERSION = 1.0;
				PRODUCT_BUNDLE_IDENTIFIER = com.veronicatsarkova.Flix;
				PRODUCT_NAME = "$(TARGET_NAME)";
				SWIFT_EMIT_LOC_STRINGS = YES;
				SWIFT_VERSION = 5.0;
				TARGETED_DEVICE_FAMILY = "1,2";
			};
			name = Release;
		};
		B60F469F27C9BB0C0098DF5A /* Debug */ = {
			isa = XCBuildConfiguration;
			buildSettings = {
				ALWAYS_EMBED_SWIFT_STANDARD_LIBRARIES = YES;
				BUNDLE_LOADER = "$(TEST_HOST)";
				CODE_SIGN_STYLE = Automatic;
				CURRENT_PROJECT_VERSION = 1;
				DEVELOPMENT_TEAM = WSVJNLVR5H;
				GENERATE_INFOPLIST_FILE = YES;
				IPHONEOS_DEPLOYMENT_TARGET = 15.2;
				MARKETING_VERSION = 1.0;
				PRODUCT_BUNDLE_IDENTIFIER = com.veronicatsarkova.FlixTests;
				PRODUCT_NAME = "$(TARGET_NAME)";
				SWIFT_EMIT_LOC_STRINGS = NO;
				SWIFT_VERSION = 5.0;
				TARGETED_DEVICE_FAMILY = "1,2";
				TEST_HOST = "$(BUILT_PRODUCTS_DIR)/Flix.app/Flix";
			};
			name = Debug;
		};
		B60F46A027C9BB0C0098DF5A /* Release */ = {
			isa = XCBuildConfiguration;
			buildSettings = {
				ALWAYS_EMBED_SWIFT_STANDARD_LIBRARIES = YES;
				BUNDLE_LOADER = "$(TEST_HOST)";
				CODE_SIGN_STYLE = Automatic;
				CURRENT_PROJECT_VERSION = 1;
				DEVELOPMENT_TEAM = WSVJNLVR5H;
				GENERATE_INFOPLIST_FILE = YES;
				IPHONEOS_DEPLOYMENT_TARGET = 15.2;
				MARKETING_VERSION = 1.0;
				PRODUCT_BUNDLE_IDENTIFIER = com.veronicatsarkova.FlixTests;
				PRODUCT_NAME = "$(TARGET_NAME)";
				SWIFT_EMIT_LOC_STRINGS = NO;
				SWIFT_VERSION = 5.0;
				TARGETED_DEVICE_FAMILY = "1,2";
				TEST_HOST = "$(BUILT_PRODUCTS_DIR)/Flix.app/Flix";
			};
			name = Release;
		};
		B60F46A227C9BB0C0098DF5A /* Debug */ = {
			isa = XCBuildConfiguration;
			buildSettings = {
				ALWAYS_EMBED_SWIFT_STANDARD_LIBRARIES = YES;
				CODE_SIGN_STYLE = Automatic;
				CURRENT_PROJECT_VERSION = 1;
				DEVELOPMENT_TEAM = WSVJNLVR5H;
				GENERATE_INFOPLIST_FILE = YES;
				MARKETING_VERSION = 1.0;
				PRODUCT_BUNDLE_IDENTIFIER = com.veronicatsarkova.FlixUITests;
				PRODUCT_NAME = "$(TARGET_NAME)";
				SWIFT_EMIT_LOC_STRINGS = NO;
				SWIFT_VERSION = 5.0;
				TARGETED_DEVICE_FAMILY = "1,2";
				TEST_TARGET_NAME = Flix;
			};
			name = Debug;
		};
		B60F46A327C9BB0C0098DF5A /* Release */ = {
			isa = XCBuildConfiguration;
			buildSettings = {
				ALWAYS_EMBED_SWIFT_STANDARD_LIBRARIES = YES;
				CODE_SIGN_STYLE = Automatic;
				CURRENT_PROJECT_VERSION = 1;
				DEVELOPMENT_TEAM = WSVJNLVR5H;
				GENERATE_INFOPLIST_FILE = YES;
				MARKETING_VERSION = 1.0;
				PRODUCT_BUNDLE_IDENTIFIER = com.veronicatsarkova.FlixUITests;
				PRODUCT_NAME = "$(TARGET_NAME)";
				SWIFT_EMIT_LOC_STRINGS = NO;
				SWIFT_VERSION = 5.0;
				TARGETED_DEVICE_FAMILY = "1,2";
				TEST_TARGET_NAME = Flix;
			};
			name = Release;
		};
/* End XCBuildConfiguration section */

/* Begin XCConfigurationList section */
		B60F466C27C9BB0A0098DF5A /* Build configuration list for PBXProject "Flix" */ = {
			isa = XCConfigurationList;
			buildConfigurations = (
				B60F469927C9BB0C0098DF5A /* Debug */,
				B60F469A27C9BB0C0098DF5A /* Release */,
			);
			defaultConfigurationIsVisible = 0;
			defaultConfigurationName = Release;
		};
		B60F469B27C9BB0C0098DF5A /* Build configuration list for PBXNativeTarget "Flix" */ = {
			isa = XCConfigurationList;
			buildConfigurations = (
				B60F469C27C9BB0C0098DF5A /* Debug */,
				B60F469D27C9BB0C0098DF5A /* Release */,
			);
			defaultConfigurationIsVisible = 0;
			defaultConfigurationName = Release;
		};
		B60F469E27C9BB0C0098DF5A /* Build configuration list for PBXNativeTarget "FlixTests" */ = {
			isa = XCConfigurationList;
			buildConfigurations = (
				B60F469F27C9BB0C0098DF5A /* Debug */,
				B60F46A027C9BB0C0098DF5A /* Release */,
			);
			defaultConfigurationIsVisible = 0;
			defaultConfigurationName = Release;
		};
		B60F46A127C9BB0C0098DF5A /* Build configuration list for PBXNativeTarget "FlixUITests" */ = {
			isa = XCConfigurationList;
			buildConfigurations = (
				B60F46A227C9BB0C0098DF5A /* Debug */,
				B60F46A327C9BB0C0098DF5A /* Release */,
			);
			defaultConfigurationIsVisible = 0;
			defaultConfigurationName = Release;
		};
/* End XCConfigurationList section */
	};
	rootObject = B60F466927C9BB0A0098DF5A /* Project object */;
}
